{
  "name": "ai_router",
  "lockfileVersion": 3,
  "requires": true,
  "packages": {
    "": {
      "dependencies": {
        "chatgptreversed": "^0.2.5"
      }
    },
    "node_modules/chatgptreversed": {
      "version": "0.2.5",
      "resolved": "https://registry.npmjs.org/chatgptreversed/-/chatgptreversed-0.2.5.tgz",
      "integrity": "sha512-BCzOXzJeJHuoVzEETUggSZZvOT14nKWyXL3buHxskjXvNzBvEvzsAsDREAhd3aTLVWTTV+Pqhc4g7q256twneA=="
    }
  }
}
